
Microsoft Visual Studio Solution File, Format Version 12.00
# Visual Studio Version 17
VisualStudioVersion = 17.5.002.0
MinimumVisualStudioVersion = 10.0.40219.1
Project("{9A19103F-16F7-4668-BE54-9A1E7A4F7556}") = "ArwynFr.IntegrationTesting", "ArwynFr.IntegrationTesting\ArwynFr.IntegrationTesting.csproj", "{C9275A34-F1C9-4B74-8AC0-CA397DD43B00}"
EndProject
Global
	GlobalSection(SolutionConfigurationPlatforms) = preSolution
		Debug|Any CPU = Debug|Any CPU
		Release|Any CPU = Release|Any CPU
	EndGlobalSection
	GlobalSection(ProjectConfigurationPlatforms) = postSolution
		{C9275A34-F1C9-4B74-8AC0-CA397DD43B00}.Debug|Any CPU.ActiveCfg = Debug|Any CPU
		{C9275A34-F1C9-4B74-8AC0-CA397DD43B00}.Debug|Any CPU.Build.0 = Debug|Any CPU
		{C9275A34-F1C9-4B74-8AC0-CA397DD43B00}.Release|Any CPU.ActiveCfg = Release|Any CPU
		{C9275A34-F1C9-4B74-8AC0-CA397DD43B00}.Release|Any CPU.Build.0 = Release|Any CPU
	EndGlobalSection
	GlobalSection(SolutionProperties) = preSolution
		HideSolutionNode = FALSE
	EndGlobalSection
	GlobalSection(ExtensibilityGlobals) = postSolution
		SolutionGuid = {4A6F3C8E-7CF1-4CBC-B2D2-841D3A712ADE}
	EndGlobalSection
EndGlobal
